
Microsoft Visual Studio Solution File, Format Version 12.00
# Visual Studio Version 16
VisualStudioVersion = 16.0.32802.440
MinimumVisualStudioVersion = 10.0.40219.1
Project("{FAE04EC0-301F-11D3-BF4B-00C04F79EFBC}") = "CheeZeCheat-Dominions5", "CheeZeCheat-Dominions5\CheeZeCheat-Dominions5.csproj", "{8FB68AC3-A802-40CC-8ACD-D713705FF9D5}"
EndProject
Global
	GlobalSection(SolutionConfigurationPlatforms) = preSolution
		Debug|Any CPU = Debug|Any CPU
		Release|Any CPU = Release|Any CPU
	EndGlobalSection
	GlobalSection(ProjectConfigurationPlatforms) = postSolution
		{8FB68AC3-A802-40CC-8ACD-D713705FF9D5}.Debug|Any CPU.ActiveCfg = Debug|Any CPU
		{8FB68AC3-A802-40CC-8ACD-D713705FF9D5}.Debug|Any CPU.Build.0 = Debug|Any CPU
		{8FB68AC3-A802-40CC-8ACD-D713705FF9D5}.Release|Any CPU.ActiveCfg = Release|Any CPU
		{8FB68AC3-A802-40CC-8ACD-D713705FF9D5}.Release|Any CPU.Build.0 = Release|Any CPU
	EndGlobalSection
	GlobalSection(SolutionProperties) = preSolution
		HideSolutionNode = FALSE
	EndGlobalSection
	GlobalSection(ExtensibilityGlobals) = postSolution
		SolutionGuid = {960235F7-67D3-4A09-B076-B5F1FFF4500C}
	EndGlobalSection
EndGlobal
